// !$*UTF8*$!
{
	archiveVersion = 1;
	classes = {
	};
	objectVersion = 56;
	objects = {

/* Begin PBXBuildFile section */
		084770A82DAF92F60043935A /* PostExampleModel.swift in Sources */ = {isa = PBXBuildFile; fileRef = 084770A72DAF92E50043935A /* PostExampleModel.swift */; };
		084770AB2DAFA1C80043935A /* PostRepository.swift in Sources */ = {isa = PBXBuildFile; fileRef = 084770AA2DAFA1C00043935A /* PostRepository.swift */; };
		084770DC2DAFD9C50043935A /* MockPostExampleModel&PI=1&PS=10.json in Resources */ = {isa = PBXBuildFile; fileRef = 084770C82DAFA6710043935A /* MockPostExampleModel&PI=1&PS=10.json */; };
		084770DD2DAFD9C50043935A /* MockPostExampleModel&PI=2&PS=10.json in Resources */ = {isa = PBXBuildFile; fileRef = 084770CC2DAFA7060043935A /* MockPostExampleModel&PI=2&PS=10.json */; };
		084770DE2DAFD9C50043935A /* MockPostExampleModel&PI=3&PS=10.json in Resources */ = {isa = PBXBuildFile; fileRef = 084770CE2DAFA76F0043935A /* MockPostExampleModel&PI=3&PS=10.json */; };
		084770E22DAFDB7A0043935A /* MockPostExampleModel&PI=4&PS=10.json in Resources */ = {isa = PBXBuildFile; fileRef = 084770E12DAFDB7A0043935A /* MockPostExampleModel&PI=4&PS=10.json */; };
		733AAF712CECDECA00FAB5AF /* ListWithSectionsView.swift in Sources */ = {isa = PBXBuildFile; fileRef = 733AAF702CECDECA00FAB5AF /* ListWithSectionsView.swift */; };
		733AAF732CECEC6500FAB5AF /* ListStateViews.swift in Sources */ = {isa = PBXBuildFile; fileRef = 733AAF722CECEC6500FAB5AF /* ListStateViews.swift */; };
		73FE54682CEF6DEC00B6C83E /* ListWithoutSectionView.swift in Sources */ = {isa = PBXBuildFile; fileRef = 73FE54672CEF6DEC00B6C83E /* ListWithoutSectionView.swift */; };
		E10FA35429770CCB0031ED65 /* PagingList in Frameworks */ = {isa = PBXBuildFile; productRef = E10FA35329770CCB0031ED65 /* PagingList */; };
		E10FA356297A68830031ED65 /* IntsRepository.swift in Sources */ = {isa = PBXBuildFile; fileRef = E10FA355297A68830031ED65 /* IntsRepository.swift */; };
		E1FDB14A29770604003CC2A5 /* ExampleApp.swift in Sources */ = {isa = PBXBuildFile; fileRef = E1FDB14929770604003CC2A5 /* ExampleApp.swift */; };
		E1FDB14C29770604003CC2A5 /* ContentView.swift in Sources */ = {isa = PBXBuildFile; fileRef = E1FDB14B29770604003CC2A5 /* ContentView.swift */; };
		E1FDB14E29770605003CC2A5 /* Assets.xcassets in Resources */ = {isa = PBXBuildFile; fileRef = E1FDB14D29770605003CC2A5 /* Assets.xcassets */; };
		E1FDB15129770605003CC2A5 /* Preview Assets.xcassets in Resources */ = {isa = PBXBuildFile; fileRef = E1FDB15029770605003CC2A5 /* Preview Assets.xcassets */; };
/* End PBXBuildFile section */

/* Begin PBXFileReference section */
		084770A72DAF92E50043935A /* PostExampleModel.swift */ = {isa = PBXFileReference; lastKnownFileType = sourcecode.swift; path = PostExampleModel.swift; sourceTree = "<group>"; };
		084770AA2DAFA1C00043935A /* PostRepository.swift */ = {isa = PBXFileReference; lastKnownFileType = sourcecode.swift; path = PostRepository.swift; sourceTree = "<group>"; };
		084770C82DAFA6710043935A /* MockPostExampleModel&PI=1&PS=10.json */ = {isa = PBXFileReference; lastKnownFileType = text.json; path = "MockPostExampleModel&PI=1&PS=10.json"; sourceTree = "<group>"; };
		084770CC2DAFA7060043935A /* MockPostExampleModel&PI=2&PS=10.json */ = {isa = PBXFileReference; lastKnownFileType = text.json; path = "MockPostExampleModel&PI=2&PS=10.json"; sourceTree = "<group>"; };
		084770CE2DAFA76F0043935A /* MockPostExampleModel&PI=3&PS=10.json */ = {isa = PBXFileReference; lastKnownFileType = text.json; path = "MockPostExampleModel&PI=3&PS=10.json"; sourceTree = "<group>"; };
		084770E12DAFDB7A0043935A /* MockPostExampleModel&PI=4&PS=10.json */ = {isa = PBXFileReference; lastKnownFileType = text.json; path = "MockPostExampleModel&PI=4&PS=10.json"; sourceTree = "<group>"; };
		733AAF702CECDECA00FAB5AF /* ListWithSectionsView.swift */ = {isa = PBXFileReference; lastKnownFileType = sourcecode.swift; path = ListWithSectionsView.swift; sourceTree = "<group>"; };
		733AAF722CECEC6500FAB5AF /* ListStateViews.swift */ = {isa = PBXFileReference; lastKnownFileType = sourcecode.swift; path = ListStateViews.swift; sourceTree = "<group>"; };
		73FE54672CEF6DEC00B6C83E /* ListWithoutSectionView.swift */ = {isa = PBXFileReference; lastKnownFileType = sourcecode.swift; path = ListWithoutSectionView.swift; sourceTree = "<group>"; };
		E10FA35229770CBE0031ED65 /* PagingList */ = {isa = PBXFileReference; lastKnownFileType = wrapper; name = PagingList; path = ..; sourceTree = "<group>"; };
		E10FA355297A68830031ED65 /* IntsRepository.swift */ = {isa = PBXFileReference; lastKnownFileType = sourcecode.swift; path = IntsRepository.swift; sourceTree = "<group>"; };
		E1FDB14629770604003CC2A5 /* Example.app */ = {isa = PBXFileReference; explicitFileType = wrapper.application; includeInIndex = 0; path = Example.app; sourceTree = BUILT_PRODUCTS_DIR; };
		E1FDB14929770604003CC2A5 /* ExampleApp.swift */ = {isa = PBXFileReference; lastKnownFileType = sourcecode.swift; path = ExampleApp.swift; sourceTree = "<group>"; };
		E1FDB14B29770604003CC2A5 /* ContentView.swift */ = {isa = PBXFileReference; lastKnownFileType = sourcecode.swift; path = ContentView.swift; sourceTree = "<group>"; };
		E1FDB14D29770605003CC2A5 /* Assets.xcassets */ = {isa = PBXFileReference; lastKnownFileType = folder.assetcatalog; path = Assets.xcassets; sourceTree = "<group>"; };
		E1FDB15029770605003CC2A5 /* Preview Assets.xcassets */ = {isa = PBXFileReference; lastKnownFileType = folder.assetcatalog; path = "Preview Assets.xcassets"; sourceTree = "<group>"; };
/* End PBXFileReference section */

/* Begin PBXFrameworksBuildPhase section */
		E1FDB14329770604003CC2A5 /* Frameworks */ = {
			isa = PBXFrameworksBuildPhase;
			buildActionMask = 2147483647;
			files = (
				E10FA35429770CCB0031ED65 /* PagingList in Frameworks */,
			);
			runOnlyForDeploymentPostprocessing = 0;
		};
/* End PBXFrameworksBuildPhase section */

/* Begin PBXGroup section */
		084770A92DAFA1B30043935A /* Repository */ = {
			isa = PBXGroup;
			children = (
				E10FA355297A68830031ED65 /* IntsRepository.swift */,
				084770AA2DAFA1C00043935A /* PostRepository.swift */,
			);
			path = Repository;
			sourceTree = "<group>";
		};
		084770C72DAFA5250043935A /* Mock */ = {
			isa = PBXGroup;
			children = (
				084770E12DAFDB7A0043935A /* MockPostExampleModel&PI=4&PS=10.json */,
				084770C82DAFA6710043935A /* MockPostExampleModel&PI=1&PS=10.json */,
				084770CC2DAFA7060043935A /* MockPostExampleModel&PI=2&PS=10.json */,
				084770CE2DAFA76F0043935A /* MockPostExampleModel&PI=3&PS=10.json */,
			);
			path = Mock;
			sourceTree = "<group>";
		};
		084770D02DAFA7BB0043935A /* View */ = {
			isa = PBXGroup;
			children = (
				73FE54672CEF6DEC00B6C83E /* ListWithoutSectionView.swift */,
				E1FDB14B29770604003CC2A5 /* ContentView.swift */,
				733AAF722CECEC6500FAB5AF /* ListStateViews.swift */,
				733AAF702CECDECA00FAB5AF /* ListWithSectionsView.swift */,
			);
			path = View;
			sourceTree = "<group>";
		};
		084770D12DAFA7D60043935A /* Model */ = {
			isa = PBXGroup;
			children = (
				084770A72DAF92E50043935A /* PostExampleModel.swift */,
			);
			path = Model;
			sourceTree = "<group>";
		};
		E10FA35129770CBE0031ED65 /* Packages */ = {
			isa = PBXGroup;
			children = (
				E10FA35229770CBE0031ED65 /* PagingList */,
			);
			name = Packages;
			sourceTree = "<group>";
		};
		E1FDB13D29770604003CC2A5 = {
			isa = PBXGroup;
			children = (
				E10FA35129770CBE0031ED65 /* Packages */,
				E1FDB14829770604003CC2A5 /* Sources */,
				E1FDB14729770604003CC2A5 /* Products */,
				E1FDB15929770836003CC2A5 /* Frameworks */,
			);
			sourceTree = "<group>";
		};
		E1FDB14729770604003CC2A5 /* Products */ = {
			isa = PBXGroup;
			children = (
				E1FDB14629770604003CC2A5 /* Example.app */,
			);
			name = Products;
			sourceTree = "<group>";
		};
		E1FDB14829770604003CC2A5 /* Sources */ = {
			isa = PBXGroup;
			children = (
				084770C72DAFA5250043935A /* Mock */,
				084770D12DAFA7D60043935A /* Model */,
				084770D02DAFA7BB0043935A /* View */,
				084770A92DAFA1B30043935A /* Repository */,
				E1FDB14929770604003CC2A5 /* ExampleApp.swift */,
				E1FDB14D29770605003CC2A5 /* Assets.xcassets */,
				E1FDB14F29770605003CC2A5 /* Preview Content */,
			);
			path = Sources;
			sourceTree = "<group>";
		};
		E1FDB14F29770605003CC2A5 /* Preview Content */ = {
			isa = PBXGroup;
			children = (
				E1FDB15029770605003CC2A5 /* Preview Assets.xcassets */,
			);
			path = "Preview Content";
			sourceTree = "<group>";
		};
		E1FDB15929770836003CC2A5 /* Frameworks */ = {
			isa = PBXGroup;
			children = (
			);
			name = Frameworks;
			sourceTree = "<group>";
		};
/* End PBXGroup section */

/* Begin PBXNativeTarget section */
		E1FDB14529770604003CC2A5 /* Example */ = {
			isa = PBXNativeTarget;
			buildConfigurationList = E1FDB15429770605003CC2A5 /* Build configuration list for PBXNativeTarget "Example" */;
			buildPhases = (
				E1FDB15C29770B5C003CC2A5 /* SwiftLint */,
				E1FDB14229770604003CC2A5 /* Sources */,
				E1FDB14329770604003CC2A5 /* Frameworks */,
				E1FDB14429770604003CC2A5 /* Resources */,
			);
			buildRules = (
			);
			dependencies = (
			);
			name = Example;
			packageProductDependencies = (
				E10FA35329770CCB0031ED65 /* PagingList */,
			);
			productName = Example;
			productReference = E1FDB14629770604003CC2A5 /* Example.app */;
			productType = "com.apple.product-type.application";
		};
/* End PBXNativeTarget section */

/* Begin PBXProject section */
		E1FDB13E29770604003CC2A5 /* Project object */ = {
			isa = PBXProject;
			attributes = {
				BuildIndependentTargetsInParallel = 1;
				LastSwiftUpdateCheck = 1410;
				LastUpgradeCheck = 1410;
				TargetAttributes = {
					E1FDB14529770604003CC2A5 = {
						CreatedOnToolsVersion = 14.1;
					};
				};
			};
			buildConfigurationList = E1FDB14129770604003CC2A5 /* Build configuration list for PBXProject "Example" */;
			compatibilityVersion = "Xcode 14.0";
			developmentRegion = en;
			hasScannedForEncodings = 0;
			knownRegions = (
				en,
				Base,
			);
			mainGroup = E1FDB13D29770604003CC2A5;
			productRefGroup = E1FDB14729770604003CC2A5 /* Products */;
			projectDirPath = "";
			projectRoot = "";
			targets = (
				E1FDB14529770604003CC2A5 /* Example */,
			);
		};
/* End PBXProject section */

/* Begin PBXResourcesBuildPhase section */
		E1FDB14429770604003CC2A5 /* Resources */ = {
			isa = PBXResourcesBuildPhase;
			buildActionMask = 2147483647;
			files = (
				084770DC2DAFD9C50043935A /* MockPostExampleModel&PI=1&PS=10.json in Resources */,
				084770DD2DAFD9C50043935A /* MockPostExampleModel&PI=2&PS=10.json in Resources */,
				084770E22DAFDB7A0043935A /* MockPostExampleModel&PI=4&PS=10.json in Resources */,
				084770DE2DAFD9C50043935A /* MockPostExampleModel&PI=3&PS=10.json in Resources */,
				E1FDB15129770605003CC2A5 /* Preview Assets.xcassets in Resources */,
				E1FDB14E29770605003CC2A5 /* Assets.xcassets in Resources */,
			);
			runOnlyForDeploymentPostprocessing = 0;
		};
/* End PBXResourcesBuildPhase section */

/* Begin PBXShellScriptBuildPhase section */
		E1FDB15C29770B5C003CC2A5 /* SwiftLint */ = {
			isa = PBXShellScriptBuildPhase;
			alwaysOutOfDate = 1;
			buildActionMask = 2147483647;
			files = (
			);
			inputFileListPaths = (
			);
			inputPaths = (
			);
			name = SwiftLint;
			outputFileListPaths = (
			);
			outputPaths = (
			);
			runOnlyForDeploymentPostprocessing = 0;
			shellPath = /bin/sh;
			shellScript = "export PATH=\"$PATH:/opt/homebrew/bin\"\n\nif which swiftlint >/dev/null; then\n  swiftlint --path .. --config ../swiftlint.yml\nelse\n  echo \"warning: SwiftLint not installed, download from https://github.com/realm/SwiftLint\"\nfi\n";
		};
/* End PBXShellScriptBuildPhase section */

/* Begin PBXSourcesBuildPhase section */
		E1FDB14229770604003CC2A5 /* Sources */ = {
			isa = PBXSourcesBuildPhase;
			buildActionMask = 2147483647;
			files = (
				084770A82DAF92F60043935A /* PostExampleModel.swift in Sources */,
				E10FA356297A68830031ED65 /* IntsRepository.swift in Sources */,
				733AAF712CECDECA00FAB5AF /* ListWithSectionsView.swift in Sources */,
				E1FDB14C29770604003CC2A5 /* ContentView.swift in Sources */,
				73FE54682CEF6DEC00B6C83E /* ListWithoutSectionView.swift in Sources */,
				084770AB2DAFA1C80043935A /* PostRepository.swift in Sources */,
				733AAF732CECEC6500FAB5AF /* ListStateViews.swift in Sources */,
				E1FDB14A29770604003CC2A5 /* ExampleApp.swift in Sources */,
			);
			runOnlyForDeploymentPostprocessing = 0;
		};
/* End PBXSourcesBuildPhase section */

/* Begin XCBuildConfiguration section */
		E1FDB15229770605003CC2A5 /* Debug */ = {
			isa = XCBuildConfiguration;
			buildSettings = {
				ALWAYS_SEARCH_USER_PATHS = NO;
				CLANG_ANALYZER_NONNULL = YES;
				CLANG_ANALYZER_NUMBER_OBJECT_CONVERSION = YES_AGGRESSIVE;
				CLANG_CXX_LANGUAGE_STANDARD = "gnu++20";
				CLANG_ENABLE_MODULES = YES;
				CLANG_ENABLE_OBJC_ARC = YES;
				CLANG_ENABLE_OBJC_WEAK = YES;
				CLANG_WARN_BLOCK_CAPTURE_AUTORELEASING = YES;
				CLANG_WARN_BOOL_CONVERSION = YES;
				CLANG_WARN_COMMA = YES;
				CLANG_WARN_CONSTANT_CONVERSION = YES;
				CLANG_WARN_DEPRECATED_OBJC_IMPLEMENTATIONS = YES;
				CLANG_WARN_DIRECT_OBJC_ISA_USAGE = YES_ERROR;
				CLANG_WARN_DOCUMENTATION_COMMENTS = YES;
				CLANG_WARN_EMPTY_BODY = YES;
				CLANG_WARN_ENUM_CONVERSION = YES;
				CLANG_WARN_INFINITE_RECURSION = YES;
				CLANG_WARN_INT_CONVERSION = YES;
				CLANG_WARN_NON_LITERAL_NULL_CONVERSION = YES;
				CLANG_WARN_OBJC_IMPLICIT_RETAIN_SELF = YES;
				CLANG_WARN_OBJC_LITERAL_CONVERSION = YES;
				CLANG_WARN_OBJC_ROOT_CLASS = YES_ERROR;
				CLANG_WARN_QUOTED_INCLUDE_IN_FRAMEWORK_HEADER = YES;
				CLANG_WARN_RANGE_LOOP_ANALYSIS = YES;
				CLANG_WARN_STRICT_PROTOTYPES = YES;
				CLANG_WARN_SUSPICIOUS_MOVE = YES;
				CLANG_WARN_UNGUARDED_AVAILABILITY = YES_AGGRESSIVE;
				CLANG_WARN_UNREACHABLE_CODE = YES;
				CLANG_WARN__DUPLICATE_METHOD_MATCH = YES;
				COPY_PHASE_STRIP = NO;
				DEBUG_INFORMATION_FORMAT = dwarf;
				ENABLE_STRICT_OBJC_MSGSEND = YES;
				ENABLE_TESTABILITY = YES;
				GCC_C_LANGUAGE_STANDARD = gnu11;
				GCC_DYNAMIC_NO_PIC = NO;
				GCC_NO_COMMON_BLOCKS = YES;
				GCC_OPTIMIZATION_LEVEL = 0;
				GCC_PREPROCESSOR_DEFINITIONS = (
					"DEBUG=1",
					"$(inherited)",
				);
				GCC_WARN_64_TO_32_BIT_CONVERSION = YES;
				GCC_WARN_ABOUT_RETURN_TYPE = YES_ERROR;
				GCC_WARN_UNDECLARED_SELECTOR = YES;
				GCC_WARN_UNINITIALIZED_AUTOS = YES_AGGRESSIVE;
				GCC_WARN_UNUSED_FUNCTION = YES;
				GCC_WARN_UNUSED_VARIABLE = YES;
				IPHONEOS_DEPLOYMENT_TARGET = 16.1;
				MTL_ENABLE_DEBUG_INFO = INCLUDE_SOURCE;
				MTL_FAST_MATH = YES;
				ONLY_ACTIVE_ARCH = YES;
				SDKROOT = iphoneos;
				SWIFT_ACTIVE_COMPILATION_CONDITIONS = DEBUG;
				SWIFT_OPTIMIZATION_LEVEL = "-Onone";
			};
			name = Debug;
		};
		E1FDB15329770605003CC2A5 /* Release */ = {
			isa = XCBuildConfiguration;
			buildSettings = {
				ALWAYS_SEARCH_USER_PATHS = NO;
				CLANG_ANALYZER_NONNULL = YES;
				CLANG_ANALYZER_NUMBER_OBJECT_CONVERSION = YES_AGGRESSIVE;
				CLANG_CXX_LANGUAGE_STANDARD = "gnu++20";
				CLANG_ENABLE_MODULES = YES;
				CLANG_ENABLE_OBJC_ARC = YES;
				CLANG_ENABLE_OBJC_WEAK = YES;
				CLANG_WARN_BLOCK_CAPTURE_AUTORELEASING = YES;
				CLANG_WARN_BOOL_CONVERSION = YES;
				CLANG_WARN_COMMA = YES;
				CLANG_WARN_CONSTANT_CONVERSION = YES;
				CLANG_WARN_DEPRECATED_OBJC_IMPLEMENTATIONS = YES;
				CLANG_WARN_DIRECT_OBJC_ISA_USAGE = YES_ERROR;
				CLANG_WARN_DOCUMENTATION_COMMENTS = YES;
				CLANG_WARN_EMPTY_BODY = YES;
				CLANG_WARN_ENUM_CONVERSION = YES;
				CLANG_WARN_INFINITE_RECURSION = YES;
				CLANG_WARN_INT_CONVERSION = YES;
				CLANG_WARN_NON_LITERAL_NULL_CONVERSION = YES;
				CLANG_WARN_OBJC_IMPLICIT_RETAIN_SELF = YES;
				CLANG_WARN_OBJC_LITERAL_CONVERSION = YES;
				CLANG_WARN_OBJC_ROOT_CLASS = YES_ERROR;
				CLANG_WARN_QUOTED_INCLUDE_IN_FRAMEWORK_HEADER = YES;
				CLANG_WARN_RANGE_LOOP_ANALYSIS = YES;
				CLANG_WARN_STRICT_PROTOTYPES = YES;
				CLANG_WARN_SUSPICIOUS_MOVE = YES;
				CLANG_WARN_UNGUARDED_AVAILABILITY = YES_AGGRESSIVE;
				CLANG_WARN_UNREACHABLE_CODE = YES;
				CLANG_WARN__DUPLICATE_METHOD_MATCH = YES;
				COPY_PHASE_STRIP = NO;
				DEBUG_INFORMATION_FORMAT = "dwarf-with-dsym";
				ENABLE_NS_ASSERTIONS = NO;
				ENABLE_STRICT_OBJC_MSGSEND = YES;
				GCC_C_LANGUAGE_STANDARD = gnu11;
				GCC_NO_COMMON_BLOCKS = YES;
				GCC_WARN_64_TO_32_BIT_CONVERSION = YES;
				GCC_WARN_ABOUT_RETURN_TYPE = YES_ERROR;
				GCC_WARN_UNDECLARED_SELECTOR = YES;
				GCC_WARN_UNINITIALIZED_AUTOS = YES_AGGRESSIVE;
				GCC_WARN_UNUSED_FUNCTION = YES;
				GCC_WARN_UNUSED_VARIABLE = YES;
				IPHONEOS_DEPLOYMENT_TARGET = 16.1;
				MTL_ENABLE_DEBUG_INFO = NO;
				MTL_FAST_MATH = YES;
				SDKROOT = iphoneos;
				SWIFT_COMPILATION_MODE = wholemodule;
				SWIFT_OPTIMIZATION_LEVEL = "-O";
				VALIDATE_PRODUCT = YES;
			};
			name = Release;
		};
		E1FDB15529770605003CC2A5 /* Debug */ = {
			isa = XCBuildConfiguration;
			buildSettings = {
				ASSETCATALOG_COMPILER_APPICON_NAME = AppIcon;
				ASSETCATALOG_COMPILER_GLOBAL_ACCENT_COLOR_NAME = AccentColor;
				CODE_SIGN_STYLE = Automatic;
				CURRENT_PROJECT_VERSION = 1;
				DEVELOPMENT_ASSET_PATHS = "\"Sources/Preview Content\"";
				ENABLE_PREVIEWS = YES;
				GENERATE_INFOPLIST_FILE = YES;
				INFOPLIST_KEY_UIApplicationSceneManifest_Generation = YES;
				INFOPLIST_KEY_UIApplicationSupportsIndirectInputEvents = YES;
				INFOPLIST_KEY_UILaunchScreen_Generation = YES;
				INFOPLIST_KEY_UISupportedInterfaceOrientations_iPad = "UIInterfaceOrientationPortrait UIInterfaceOrientationPortraitUpsideDown UIInterfaceOrientationLandscapeLeft UIInterfaceOrientationLandscapeRight";
				INFOPLIST_KEY_UISupportedInterfaceOrientations_iPhone = "UIInterfaceOrientationPortrait UIInterfaceOrientationLandscapeLeft UIInterfaceOrientationLandscapeRight";
				LD_RUNPATH_SEARCH_PATHS = (
					"$(inherited)",
					"@executable_path/Frameworks",
				);
				MARKETING_VERSION = 1.0;
				PRODUCT_BUNDLE_IDENTIFIER = ru.mobileup.Example;
				PRODUCT_NAME = "$(TARGET_NAME)";
				SWIFT_EMIT_LOC_STRINGS = YES;
				SWIFT_VERSION = 5.0;
				TARGETED_DEVICE_FAMILY = "1,2";
			};
			name = Debug;
		};
		E1FDB15629770605003CC2A5 /* Release */ = {
			isa = XCBuildConfiguration;
			buildSettings = {
				ASSETCATALOG_COMPILER_APPICON_NAME = AppIcon;
				ASSETCATALOG_COMPILER_GLOBAL_ACCENT_COLOR_NAME = AccentColor;
				CODE_SIGN_STYLE = Automatic;
				CURRENT_PROJECT_VERSION = 1;
				DEVELOPMENT_ASSET_PATHS = "\"Sources/Preview Content\"";
				ENABLE_PREVIEWS = YES;
				GENERATE_INFOPLIST_FILE = YES;
				INFOPLIST_KEY_UIApplicationSceneManifest_Generation = YES;
				INFOPLIST_KEY_UIApplicationSupportsIndirectInputEvents = YES;
				INFOPLIST_KEY_UILaunchScreen_Generation = YES;
				INFOPLIST_KEY_UISupportedInterfaceOrientations_iPad = "UIInterfaceOrientationPortrait UIInterfaceOrientationPortraitUpsideDown UIInterfaceOrientationLandscapeLeft UIInterfaceOrientationLandscapeRight";
				INFOPLIST_KEY_UISupportedInterfaceOrientations_iPhone = "UIInterfaceOrientationPortrait UIInterfaceOrientationLandscapeLeft UIInterfaceOrientationLandscapeRight";
				LD_RUNPATH_SEARCH_PATHS = (
					"$(inherited)",
					"@executable_path/Frameworks",
				);
				MARKETING_VERSION = 1.0;
				PRODUCT_BUNDLE_IDENTIFIER = ru.mobileup.Example;
				PRODUCT_NAME = "$(TARGET_NAME)";
				SWIFT_EMIT_LOC_STRINGS = YES;
				SWIFT_VERSION = 5.0;
				TARGETED_DEVICE_FAMILY = "1,2";
			};
			name = Release;
		};
/* End XCBuildConfiguration section */

/* Begin XCConfigurationList section */
		E1FDB14129770604003CC2A5 /* Build configuration list for PBXProject "Example" */ = {
			isa = XCConfigurationList;
			buildConfigurations = (
				E1FDB15229770605003CC2A5 /* Debug */,
				E1FDB15329770605003CC2A5 /* Release */,
			);
			defaultConfigurationIsVisible = 0;
			defaultConfigurationName = Release;
		};
		E1FDB15429770605003CC2A5 /* Build configuration list for PBXNativeTarget "Example" */ = {
			isa = XCConfigurationList;
			buildConfigurations = (
				E1FDB15529770605003CC2A5 /* Debug */,
				E1FDB15629770605003CC2A5 /* Release */,
			);
			defaultConfigurationIsVisible = 0;
			defaultConfigurationName = Release;
		};
/* End XCConfigurationList section */

/* Begin XCSwiftPackageProductDependency section */
		E10FA35329770CCB0031ED65 /* PagingList */ = {
			isa = XCSwiftPackageProductDependency;
			productName = PagingList;
		};
/* End XCSwiftPackageProductDependency section */
	};
	rootObject = E1FDB13E29770604003CC2A5 /* Project object */;
}
